
Microsoft Visual Studio Solution File, Format Version 12.00
# Visual Studio Version 17
VisualStudioVersion = 17.0.31903.59
MinimumVisualStudioVersion = 10.0.40219.1
Project("{FAE04EC0-301F-11D3-BF4B-00C04F79EFBC}") = "aslx2json", "ASLX2JSON\aslx2json.csproj", "{BDE924CD-D29A-4C5C-B78A-05109C1D981B}"
EndProject
Global
	GlobalSection(SolutionConfigurationPlatforms) = preSolution
		Debug|Any CPU = Debug|Any CPU
		Debug|x64 = Debug|x64
		Debug|x86 = Debug|x86
		Release|Any CPU = Release|Any CPU
		Release|x64 = Release|x64
		Release|x86 = Release|x86
	EndGlobalSection
	GlobalSection(ProjectConfigurationPlatforms) = postSolution
		{BDE924CD-D29A-4C5C-B78A-05109C1D981B}.Debug|Any CPU.ActiveCfg = Debug|Any CPU
		{BDE924CD-D29A-4C5C-B78A-05109C1D981B}.Debug|Any CPU.Build.0 = Debug|Any CPU
		{BDE924CD-D29A-4C5C-B78A-05109C1D981B}.Debug|x64.ActiveCfg = Debug|Any CPU
		{BDE924CD-D29A-4C5C-B78A-05109C1D981B}.Debug|x64.Build.0 = Debug|Any CPU
		{BDE924CD-D29A-4C5C-B78A-05109C1D981B}.Debug|x86.ActiveCfg = Debug|Any CPU
		{BDE924CD-D29A-4C5C-B78A-05109C1D981B}.Debug|x86.Build.0 = Debug|Any CPU
		{BDE924CD-D29A-4C5C-B78A-05109C1D981B}.Release|Any CPU.ActiveCfg = Release|Any CPU
		{BDE924CD-D29A-4C5C-B78A-05109C1D981B}.Release|Any CPU.Build.0 = Release|Any CPU
		{BDE924CD-D29A-4C5C-B78A-05109C1D981B}.Release|x64.ActiveCfg = Release|Any CPU
		{BDE924CD-D29A-4C5C-B78A-05109C1D981B}.Release|x64.Build.0 = Release|Any CPU
		{BDE924CD-D29A-4C5C-B78A-05109C1D981B}.Release|x86.ActiveCfg = Release|Any CPU
		{BDE924CD-D29A-4C5C-B78A-05109C1D981B}.Release|x86.Build.0 = Release|Any CPU
	EndGlobalSection
	GlobalSection(SolutionProperties) = preSolution
		HideSolutionNode = FALSE
	EndGlobalSection
	GlobalSection(ExtensibilityGlobals) = postSolution
		SolutionGuid = {E0F0CF84-3602-479C-BFDF-B82BD52C0A54}
	EndGlobalSection
EndGlobal
